
Microsoft Visual Studio Solution File, Format Version 12.00
# Visual Studio Version 17
VisualStudioVersion = 17.0.31903.59
MinimumVisualStudioVersion = 10.0.40219.1
Project("{2150E333-8FDC-42A3-9474-1A3956D46DE8}") = "src", "src", "{A8A913A1-3766-4167-AF5A-DE769A88F02B}"
EndProject
Project("{FAE04EC0-301F-11D3-BF4B-00C04F79EFBC}") = "NeuzStrap", "src\NeuzStrap\NeuzStrap.csproj", "{69679772-C918-4B4F-9E44-E2E3BBD824E0}"
EndProject
Project("{2150E333-8FDC-42A3-9474-1A3956D46DE8}") = "tests", "tests", "{8419C8FF-EC7C-40BF-AE58-C64B793C1E81}"
EndProject
Project("{FAE04EC0-301F-11D3-BF4B-00C04F79EFBC}") = "NeuzStrap.Tests", "tests\NeuzStrap.Tests\NeuzStrap.Tests.csproj", "{13D40BA0-199D-4337-9F96-03CCE9792C17}"
EndProject
Global
	GlobalSection(SolutionConfigurationPlatforms) = preSolution
		Debug|Any CPU = Debug|Any CPU
		Release|Any CPU = Release|Any CPU
	EndGlobalSection
	GlobalSection(SolutionProperties) = preSolution
		HideSolutionNode = FALSE
	EndGlobalSection
	GlobalSection(ProjectConfigurationPlatforms) = postSolution
		{69679772-C918-4B4F-9E44-E2E3BBD824E0}.Debug|Any CPU.ActiveCfg = Debug|Any CPU
		{69679772-C918-4B4F-9E44-E2E3BBD824E0}.Debug|Any CPU.Build.0 = Debug|Any CPU
		{69679772-C918-4B4F-9E44-E2E3BBD824E0}.Release|Any CPU.ActiveCfg = Release|Any CPU
		{69679772-C918-4B4F-9E44-E2E3BBD824E0}.Release|Any CPU.Build.0 = Release|Any CPU
		{13D40BA0-199D-4337-9F96-03CCE9792C17}.Debug|Any CPU.ActiveCfg = Debug|Any CPU
		{13D40BA0-199D-4337-9F96-03CCE9792C17}.Debug|Any CPU.Build.0 = Debug|Any CPU
		{13D40BA0-199D-4337-9F96-03CCE9792C17}.Release|Any CPU.ActiveCfg = Release|Any CPU
		{13D40BA0-199D-4337-9F96-03CCE9792C17}.Release|Any CPU.Build.0 = Release|Any CPU
	EndGlobalSection
	GlobalSection(NestedProjects) = preSolution
		{69679772-C918-4B4F-9E44-E2E3BBD824E0} = {A8A913A1-3766-4167-AF5A-DE769A88F02B}
		{13D40BA0-199D-4337-9F96-03CCE9792C17} = {8419C8FF-EC7C-40BF-AE58-C64B793C1E81}
	EndGlobalSection
EndGlobal
